
Microsoft Visual Studio Solution File, Format Version 12.00
# Visual Studio 14
VisualStudioVersion = 14.0.25420.1
MinimumVisualStudioVersion = 10.0.40219.1
Project("{FAE04EC0-301F-11D3-BF4B-00C04F79EFBC}") = "EfCore.Shaman", "EfCore.Shaman\EfCore.Shaman.csproj", "{D8CECFB3-BAB9-4189-B999-F94A02E0A741}"
EndProject
Project("{FAE04EC0-301F-11D3-BF4B-00C04F79EFBC}") = "EfCore.Shaman.SqlServer", "EfCore.Shaman.SqlServer\EfCore.Shaman.SqlServer.csproj", "{4D085DEB-EC4D-4001-8D1B-FC26D2142417}"
EndProject
Project("{FAE04EC0-301F-11D3-BF4B-00C04F79EFBC}") = "EfCore.Shaman.Tests", "EfCore.Shaman.Tests\EfCore.Shaman.Tests.csproj", "{8826E12A-82F0-4C3E-8BBC-12A035C5AA6C}"
EndProject
Global
	GlobalSection(SolutionConfigurationPlatforms) = preSolution
		Debug|Any CPU = Debug|Any CPU
		Release|Any CPU = Release|Any CPU
	EndGlobalSection
	GlobalSection(ProjectConfigurationPlatforms) = postSolution
		{D8CECFB3-BAB9-4189-B999-F94A02E0A741}.Debug|Any CPU.ActiveCfg = Debug|Any CPU
		{D8CECFB3-BAB9-4189-B999-F94A02E0A741}.Debug|Any CPU.Build.0 = Debug|Any CPU
		{D8CECFB3-BAB9-4189-B999-F94A02E0A741}.Release|Any CPU.ActiveCfg = Release|Any CPU
		{D8CECFB3-BAB9-4189-B999-F94A02E0A741}.Release|Any CPU.Build.0 = Release|Any CPU
		{4D085DEB-EC4D-4001-8D1B-FC26D2142417}.Debug|Any CPU.ActiveCfg = Debug|Any CPU
		{4D085DEB-EC4D-4001-8D1B-FC26D2142417}.Debug|Any CPU.Build.0 = Debug|Any CPU
		{4D085DEB-EC4D-4001-8D1B-FC26D2142417}.Release|Any CPU.ActiveCfg = Release|Any CPU
		{4D085DEB-EC4D-4001-8D1B-FC26D2142417}.Release|Any CPU.Build.0 = Release|Any CPU
		{8826E12A-82F0-4C3E-8BBC-12A035C5AA6C}.Debug|Any CPU.ActiveCfg = Debug|Any CPU
		{8826E12A-82F0-4C3E-8BBC-12A035C5AA6C}.Debug|Any CPU.Build.0 = Debug|Any CPU
		{8826E12A-82F0-4C3E-8BBC-12A035C5AA6C}.Release|Any CPU.ActiveCfg = Release|Any CPU
		{8826E12A-82F0-4C3E-8BBC-12A035C5AA6C}.Release|Any CPU.Build.0 = Release|Any CPU
	EndGlobalSection
	GlobalSection(SolutionProperties) = preSolution
		HideSolutionNode = FALSE
	EndGlobalSection
EndGlobal
